
Microsoft Visual Studio Solution File, Format Version 12.00
# Visual Studio Version 17
VisualStudioVersion = 17.13.35825.156
MinimumVisualStudioVersion = 10.0.40219.1
Project("{FAE04EC0-301F-11D3-BF4B-00C04F79EFBC}") = "ProjectsAndWorkers.Api", "ProjectsAndWorkers.Api\ProjectsAndWorkers.Api.csproj", "{D0C99963-0B95-4DF9-830F-A8EED6AA73D9}"
EndProject
Global
	GlobalSection(SolutionConfigurationPlatforms) = preSolution
		Debug|Any CPU = Debug|Any CPU
		Release|Any CPU = Release|Any CPU
	EndGlobalSection
	GlobalSection(ProjectConfigurationPlatforms) = postSolution
		{D0C99963-0B95-4DF9-830F-A8EED6AA73D9}.Debug|Any CPU.ActiveCfg = Debug|Any CPU
		{D0C99963-0B95-4DF9-830F-A8EED6AA73D9}.Debug|Any CPU.Build.0 = Debug|Any CPU
		{D0C99963-0B95-4DF9-830F-A8EED6AA73D9}.Release|Any CPU.ActiveCfg = Release|Any CPU
		{D0C99963-0B95-4DF9-830F-A8EED6AA73D9}.Release|Any CPU.Build.0 = Release|Any CPU
	EndGlobalSection
	GlobalSection(SolutionProperties) = preSolution
		HideSolutionNode = FALSE
	EndGlobalSection
	GlobalSection(ExtensibilityGlobals) = postSolution
		SolutionGuid = {2D9B10D6-1BAC-443F-B2D3-B6D065439A02}
	EndGlobalSection
EndGlobal
